// !$*UTF8*$!
{
	archiveVersion = 1;
	classes = {
	};
	objectVersion = 50;
	objects = {

/* Begin PBXBuildFile section */
		77EBD80F22C004EF00E83BA2 /* AppDelegate.swift in Sources */ = {isa = PBXBuildFile; fileRef = 77EBD80E22C004EF00E83BA2 /* AppDelegate.swift */; };
		77EBD81122C004EF00E83BA2 /* ViewController.swift in Sources */ = {isa = PBXBuildFile; fileRef = 77EBD81022C004EF00E83BA2 /* ViewController.swift */; };
		77EBD81422C004EF00E83BA2 /* Main.storyboard in Resources */ = {isa = PBXBuildFile; fileRef = 77EBD81222C004EF00E83BA2 /* Main.storyboard */; };
		77EBD81622C004F000E83BA2 /* Assets.xcassets in Resources */ = {isa = PBXBuildFile; fileRef = 77EBD81522C004F000E83BA2 /* Assets.xcassets */; };
		77EBD81922C004F000E83BA2 /* LaunchScreen.storyboard in Resources */ = {isa = PBXBuildFile; fileRef = 77EBD81722C004F000E83BA2 /* LaunchScreen.storyboard */; };
/* End PBXBuildFile section */

/* Begin PBXFileReference section */
		77EBD80B22C004EF00E83BA2 /* homework_1_segue.app */ = {isa = PBXFileReference; explicitFileType = wrapper.application; includeInIndex = 0; path = homework_1_segue.app; sourceTree = BUILT_PRODUCTS_DIR; };
		77EBD80E22C004EF00E83BA2 /* AppDelegate.swift */ = {isa = PBXFileReference; lastKnownFileType = sourcecode.swift; path = AppDelegate.swift; sourceTree = "<group>"; };
		77EBD81022C004EF00E83BA2 /* ViewController.swift */ = {isa = PBXFileReference; lastKnownFileType = sourcecode.swift; path = ViewController.swift; sourceTree = "<group>"; };
		77EBD81322C004EF00E83BA2 /* Base */ = {isa = PBXFileReference; lastKnownFileType = file.storyboard; name = Base; path = Base.lproj/Main.storyboard; sourceTree = "<group>"; };
		77EBD81522C004F000E83BA2 /* Assets.xcassets */ = {isa = PBXFileReference; lastKnownFileType = folder.assetcatalog; path = Assets.xcassets; sourceTree = "<group>"; };
		77EBD81822C004F000E83BA2 /* Base */ = {isa = PBXFileReference; lastKnownFileType = file.storyboard; name = Base; path = Base.lproj/LaunchScreen.storyboard; sourceTree = "<group>"; };
		77EBD81A22C004F100E83BA2 /* Info.plist */ = {isa = PBXFileReference; lastKnownFileType = text.plist.xml; path = Info.plist; sourceTree = "<group>"; };
/* End PBXFileReference section */

/* Begin PBXFrameworksBuildPhase section */
		77EBD80822C004EF00E83BA2 /* Frameworks */ = {
			isa = PBXFrameworksBuildPhase;
			buildActionMask = 2147483647;
			files = (
			);
			runOnlyForDeploymentPostprocessing = 0;
		};
/* End PBXFrameworksBuildPhase section */

/* Begin PBXGroup section */
		77EBD80222C004EF00E83BA2 = {
			isa = PBXGroup;
			children = (
				77EBD80D22C004EF00E83BA2 /* homework_1_segue */,
				77EBD80C22C004EF00E83BA2 /* Products */,
			);
			sourceTree = "<group>";
		};
		77EBD80C22C004EF00E83BA2 /* Products */ = {
			isa = PBXGroup;
			children = (
				77EBD80B22C004EF00E83BA2 /* homework_1_segue.app */,
			);
			name = Products;
			sourceTree = "<group>";
		};
		77EBD80D22C004EF00E83BA2 /* homework_1_segue */ = {
			isa = PBXGroup;
			children = (
				77EBD82022C0050600E83BA2 /* App */,
				77EBD82422C0055E00E83BA2 /* View */,
				77EBD82122C0051000E83BA2 /* Resources */,
			);
			path = homework_1_segue;
			sourceTree = "<group>";
		};
		77EBD82022C0050600E83BA2 /* App */ = {
			isa = PBXGroup;
			children = (
				77EBD80E22C004EF00E83BA2 /* AppDelegate.swift */,
				77EBD81A22C004F100E83BA2 /* Info.plist */,
			);
			path = App;
			sourceTree = "<group>";
		};
		77EBD82122C0051000E83BA2 /* Resources */ = {
			isa = PBXGroup;
			children = (
				77EBD81522C004F000E83BA2 /* Assets.xcassets */,
			);
			path = Resources;
			sourceTree = "<group>";
		};
		77EBD82222C0053000E83BA2 /* Storyboards */ = {
			isa = PBXGroup;
			children = (
				77EBD81222C004EF00E83BA2 /* Main.storyboard */,
				77EBD81722C004F000E83BA2 /* LaunchScreen.storyboard */,
			);
			path = Storyboards;
			sourceTree = "<group>";
		};
		77EBD82322C0054600E83BA2 /* View Controller */ = {
			isa = PBXGroup;
			children = (
				77EBD81022C004EF00E83BA2 /* ViewController.swift */,
			);
			path = "View Controller";
			sourceTree = "<group>";
		};
		77EBD82422C0055E00E83BA2 /* View */ = {
			isa = PBXGroup;
			children = (
				77EBD82322C0054600E83BA2 /* View Controller */,
				77EBD82222C0053000E83BA2 /* Storyboards */,
			);
			path = View;
			sourceTree = "<group>";
		};
/* End PBXGroup section */

/* Begin PBXNativeTarget section */
		77EBD80A22C004EF00E83BA2 /* homework_1_segue */ = {
			isa = PBXNativeTarget;
			buildConfigurationList = 77EBD81D22C004F100E83BA2 /* Build configuration list for PBXNativeTarget "homework_1_segue" */;
			buildPhases = (
				77EBD80722C004EF00E83BA2 /* Sources */,
				77EBD80822C004EF00E83BA2 /* Frameworks */,
				77EBD80922C004EF00E83BA2 /* Resources */,
			);
			buildRules = (
			);
			dependencies = (
			);
			name = homework_1_segue;
			productName = homework_1_segue;
			productReference = 77EBD80B22C004EF00E83BA2 /* homework_1_segue.app */;
			productType = "com.apple.product-type.application";
		};
/* End PBXNativeTarget section */

/* Begin PBXProject section */
		77EBD80322C004EF00E83BA2 /* Project object */ = {
			isa = PBXProject;
			attributes = {
				LastSwiftUpdateCheck = 1020;
				LastUpgradeCheck = 1020;
				ORGANIZATIONNAME = SwiftViktor;
				TargetAttributes = {
					77EBD80A22C004EF00E83BA2 = {
						CreatedOnToolsVersion = 10.2.1;
					};
				};
			};
			buildConfigurationList = 77EBD80622C004EF00E83BA2 /* Build configuration list for PBXProject "homework_1_segue" */;
			compatibilityVersion = "Xcode 9.3";
			developmentRegion = en;
			hasScannedForEncodings = 0;
			knownRegions = (
				en,
				Base,
			);
			mainGroup = 77EBD80222C004EF00E83BA2;
			productRefGroup = 77EBD80C22C004EF00E83BA2 /* Products */;
			projectDirPath = "";
			projectRoot = "";
			targets = (
				77EBD80A22C004EF00E83BA2 /* homework_1_segue */,
			);
		};
/* End PBXProject section */

/* Begin PBXResourcesBuildPhase section */
		77EBD80922C004EF00E83BA2 /* Resources */ = {
			isa = PBXResourcesBuildPhase;
			buildActionMask = 2147483647;
			files = (
				77EBD81922C004F000E83BA2 /* LaunchScreen.storyboard in Resources */,
				77EBD81622C004F000E83BA2 /* Assets.xcassets in Resources */,
				77EBD81422C004EF00E83BA2 /* Main.storyboard in Resources */,
			);
			runOnlyForDeploymentPostprocessing = 0;
		};
/* End PBXResourcesBuildPhase section */

/* Begin PBXSourcesBuildPhase section */
		77EBD80722C004EF00E83BA2 /* Sources */ = {
			isa = PBXSourcesBuildPhase;
			buildActionMask = 2147483647;
			files = (
				77EBD81122C004EF00E83BA2 /* ViewController.swift in Sources */,
				77EBD80F22C004EF00E83BA2 /* AppDelegate.swift in Sources */,
			);
			runOnlyForDeploymentPostprocessing = 0;
		};
/* End PBXSourcesBuildPhase section */

/* Begin PBXVariantGroup section */
		77EBD81222C004EF00E83BA2 /* Main.storyboard */ = {
			isa = PBXVariantGroup;
			children = (
				77EBD81322C004EF00E83BA2 /* Base */,
			);
			name = Main.storyboard;
			sourceTree = "<group>";
		};
		77EBD81722C004F000E83BA2 /* LaunchScreen.storyboard */ = {
			isa = PBXVariantGroup;
			children = (
				77EBD81822C004F000E83BA2 /* Base */,
			);
			name = LaunchScreen.storyboard;
			sourceTree = "<group>";
		};
/* End PBXVariantGroup section */

/* Begin XCBuildConfiguration section */
		77EBD81B22C004F100E83BA2 /* Debug */ = {
			isa = XCBuildConfiguration;
			buildSettings = {
				ALWAYS_SEARCH_USER_PATHS = NO;
				CLANG_ANALYZER_NONNULL = YES;
				CLANG_ANALYZER_NUMBER_OBJECT_CONVERSION = YES_AGGRESSIVE;
				CLANG_CXX_LANGUAGE_STANDARD = "gnu++14";
				CLANG_CXX_LIBRARY = "libc++";
				CLANG_ENABLE_MODULES = YES;
				CLANG_ENABLE_OBJC_ARC = YES;
				CLANG_ENABLE_OBJC_WEAK = YES;
				CLANG_WARN_BLOCK_CAPTURE_AUTORELEASING = YES;
				CLANG_WARN_BOOL_CONVERSION = YES;
				CLANG_WARN_COMMA = YES;
				CLANG_WARN_CONSTANT_CONVERSION = YES;
				CLANG_WARN_DEPRECATED_OBJC_IMPLEMENTATIONS = YES;
				CLANG_WARN_DIRECT_OBJC_ISA_USAGE = YES_ERROR;
				CLANG_WARN_DOCUMENTATION_COMMENTS = YES;
				CLANG_WARN_EMPTY_BODY = YES;
				CLANG_WARN_ENUM_CONVERSION = YES;
				CLANG_WARN_INFINITE_RECURSION = YES;
				CLANG_WARN_INT_CONVERSION = YES;
				CLANG_WARN_NON_LITERAL_NULL_CONVERSION = YES;
				CLANG_WARN_OBJC_IMPLICIT_RETAIN_SELF = YES;
				CLANG_WARN_OBJC_LITERAL_CONVERSION = YES;
				CLANG_WARN_OBJC_ROOT_CLASS = YES_ERROR;
				CLANG_WARN_RANGE_LOOP_ANALYSIS = YES;
				CLANG_WARN_STRICT_PROTOTYPES = YES;
				CLANG_WARN_SUSPICIOUS_MOVE = YES;
				CLANG_WARN_UNGUARDED_AVAILABILITY = YES_AGGRESSIVE;
				CLANG_WARN_UNREACHABLE_CODE = YES;
				CLANG_WARN__DUPLICATE_METHOD_MATCH = YES;
				CODE_SIGN_IDENTITY = "iPhone Developer";
				COPY_PHASE_STRIP = NO;
				DEBUG_INFORMATION_FORMAT = dwarf;
				ENABLE_STRICT_OBJC_MSGSEND = YES;
				ENABLE_TESTABILITY = YES;
				GCC_C_LANGUAGE_STANDARD = gnu11;
				GCC_DYNAMIC_NO_PIC = NO;
				GCC_NO_COMMON_BLOCKS = YES;
				GCC_OPTIMIZATION_LEVEL = 0;
				GCC_PREPROCESSOR_DEFINITIONS = (
					"DEBUG=1",
					"$(inherited)",
				);
				GCC_WARN_64_TO_32_BIT_CONVERSION = YES;
				GCC_WARN_ABOUT_RETURN_TYPE = YES_ERROR;
				GCC_WARN_UNDECLARED_SELECTOR = YES;
				GCC_WARN_UNINITIALIZED_AUTOS = YES_AGGRESSIVE;
				GCC_WARN_UNUSED_FUNCTION = YES;
				GCC_WARN_UNUSED_VARIABLE = YES;
				IPHONEOS_DEPLOYMENT_TARGET = 12.2;
				MTL_ENABLE_DEBUG_INFO = INCLUDE_SOURCE;
				MTL_FAST_MATH = YES;
				ONLY_ACTIVE_ARCH = YES;
				SDKROOT = iphoneos;
				SWIFT_ACTIVE_COMPILATION_CONDITIONS = DEBUG;
				SWIFT_OPTIMIZATION_LEVEL = "-Onone";
			};
			name = Debug;
		};
		77EBD81C22C004F100E83BA2 /* Release */ = {
			isa = XCBuildConfiguration;
			buildSettings = {
				ALWAYS_SEARCH_USER_PATHS = NO;
				CLANG_ANALYZER_NONNULL = YES;
				CLANG_ANALYZER_NUMBER_OBJECT_CONVERSION = YES_AGGRESSIVE;
				CLANG_CXX_LANGUAGE_STANDARD = "gnu++14";
				CLANG_CXX_LIBRARY = "libc++";
				CLANG_ENABLE_MODULES = YES;
				CLANG_ENABLE_OBJC_ARC = YES;
				CLANG_ENABLE_OBJC_WEAK = YES;
				CLANG_WARN_BLOCK_CAPTURE_AUTORELEASING = YES;
				CLANG_WARN_BOOL_CONVERSION = YES;
				CLANG_WARN_COMMA = YES;
				CLANG_WARN_CONSTANT_CONVERSION = YES;
				CLANG_WARN_DEPRECATED_OBJC_IMPLEMENTATIONS = YES;
				CLANG_WARN_DIRECT_OBJC_ISA_USAGE = YES_ERROR;
				CLANG_WARN_DOCUMENTATION_COMMENTS = YES;
				CLANG_WARN_EMPTY_BODY = YES;
				CLANG_WARN_ENUM_CONVERSION = YES;
				CLANG_WARN_INFINITE_RECURSION = YES;
				CLANG_WARN_INT_CONVERSION = YES;
				CLANG_WARN_NON_LITERAL_NULL_CONVERSION = YES;
				CLANG_WARN_OBJC_IMPLICIT_RETAIN_SELF = YES;
				CLANG_WARN_OBJC_LITERAL_CONVERSION = YES;
				CLANG_WARN_OBJC_ROOT_CLASS = YES_ERROR;
				CLANG_WARN_RANGE_LOOP_ANALYSIS = YES;
				CLANG_WARN_STRICT_PROTOTYPES = YES;
				CLANG_WARN_SUSPICIOUS_MOVE = YES;
				CLANG_WARN_UNGUARDED_AVAILABILITY = YES_AGGRESSIVE;
				CLANG_WARN_UNREACHABLE_CODE = YES;
				CLANG_WARN__DUPLICATE_METHOD_MATCH = YES;
				CODE_SIGN_IDENTITY = "iPhone Developer";
				COPY_PHASE_STRIP = NO;
				DEBUG_INFORMATION_FORMAT = "dwarf-with-dsym";
				ENABLE_NS_ASSERTIONS = NO;
				ENABLE_STRICT_OBJC_MSGSEND = YES;
				GCC_C_LANGUAGE_STANDARD = gnu11;
				GCC_NO_COMMON_BLOCKS = YES;
				GCC_WARN_64_TO_32_BIT_CONVERSION = YES;
				GCC_WARN_ABOUT_RETURN_TYPE = YES_ERROR;
				GCC_WARN_UNDECLARED_SELECTOR = YES;
				GCC_WARN_UNINITIALIZED_AUTOS = YES_AGGRESSIVE;
				GCC_WARN_UNUSED_FUNCTION = YES;
				GCC_WARN_UNUSED_VARIABLE = YES;
				IPHONEOS_DEPLOYMENT_TARGET = 12.2;
				MTL_ENABLE_DEBUG_INFO = NO;
				MTL_FAST_MATH = YES;
				SDKROOT = iphoneos;
				SWIFT_COMPILATION_MODE = wholemodule;
				SWIFT_OPTIMIZATION_LEVEL = "-O";
				VALIDATE_PRODUCT = YES;
			};
			name = Release;
		};
		77EBD81E22C004F100E83BA2 /* Debug */ = {
			isa = XCBuildConfiguration;
			buildSettings = {
				ASSETCATALOG_COMPILER_APPICON_NAME = AppIcon;
				CODE_SIGN_STYLE = Automatic;
				DEVELOPMENT_TEAM = PFT2629W4Z;
				INFOPLIST_FILE = "$(SRCROOT)/homework_1_segue/App/Info.plist";
				LD_RUNPATH_SEARCH_PATHS = (
					"$(inherited)",
					"@executable_path/Frameworks",
				);
				PRODUCT_BUNDLE_IDENTIFIER = "SwiftViktor.homework-1-segue";
				PRODUCT_NAME = "$(TARGET_NAME)";
				SWIFT_VERSION = 5.0;
				TARGETED_DEVICE_FAMILY = "1,2";
			};
			name = Debug;
		};
		77EBD81F22C004F100E83BA2 /* Release */ = {
			isa = XCBuildConfiguration;
			buildSettings = {
				ASSETCATALOG_COMPILER_APPICON_NAME = AppIcon;
				CODE_SIGN_STYLE = Automatic;
				DEVELOPMENT_TEAM = PFT2629W4Z;
				INFOPLIST_FILE = "$(SRCROOT)/homework_1_segue/App/Info.plist";
				LD_RUNPATH_SEARCH_PATHS = (
					"$(inherited)",
					"@executable_path/Frameworks",
				);
				PRODUCT_BUNDLE_IDENTIFIER = "SwiftViktor.homework-1-segue";
				PRODUCT_NAME = "$(TARGET_NAME)";
				SWIFT_VERSION = 5.0;
				TARGETED_DEVICE_FAMILY = "1,2";
			};
			name = Release;
		};
/* End XCBuildConfiguration section */

/* Begin XCConfigurationList section */
		77EBD80622C004EF00E83BA2 /* Build configuration list for PBXProject "homework_1_segue" */ = {
			isa = XCConfigurationList;
			buildConfigurations = (
				77EBD81B22C004F100E83BA2 /* Debug */,
				77EBD81C22C004F100E83BA2 /* Release */,
			);
			defaultConfigurationIsVisible = 0;
			defaultConfigurationName = Release;
		};
		77EBD81D22C004F100E83BA2 /* Build configuration list for PBXNativeTarget "homework_1_segue" */ = {
			isa = XCConfigurationList;
			buildConfigurations = (
				77EBD81E22C004F100E83BA2 /* Debug */,
				77EBD81F22C004F100E83BA2 /* Release */,
			);
			defaultConfigurationIsVisible = 0;
			defaultConfigurationName = Release;
		};
/* End XCConfigurationList section */
	};
	rootObject = 77EBD80322C004EF00E83BA2 /* Project object */;
}
